// !$*UTF8*$!
{
	archiveVersion = 1;
	classes = {
	};
	objectVersion = 46;
	objects = {

/* Begin PBXBuildFile section */
		49C01A831AA6585D003E8EFE /* main.m in Sources */ = {isa = PBXBuildFile; fileRef = 49C01A821AA6585D003E8EFE /* main.m */; };
		49C01A861AA6585D003E8EFE /* AppDelegate.m in Sources */ = {isa = PBXBuildFile; fileRef = 49C01A851AA6585D003E8EFE /* AppDelegate.m */; };
		49C01A891AA6585D003E8EFE /* ViewController.m in Sources */ = {isa = PBXBuildFile; fileRef = 49C01A881AA6585D003E8EFE /* ViewController.m */; };
		49C01A8C1AA6585D003E8EFE /* Main.storyboard in Resources */ = {isa = PBXBuildFile; fileRef = 49C01A8A1AA6585D003E8EFE /* Main.storyboard */; };
		49C01A8E1AA6585D003E8EFE /* Images.xcassets in Resources */ = {isa = PBXBuildFile; fileRef = 49C01A8D1AA6585D003E8EFE /* Images.xcassets */; };
		49C01A911AA6585D003E8EFE /* LaunchScreen.xib in Resources */ = {isa = PBXBuildFile; fileRef = 49C01A8F1AA6585D003E8EFE /* LaunchScreen.xib */; };
		49C01A9D1AA6585D003E8EFE /* ToDoListTests.m in Sources */ = {isa = PBXBuildFile; fileRef = 49C01A9C1AA6585D003E8EFE /* ToDoListTests.m */; };
		49C01AA71AA731D2003E8EFE /* Main.storyboard in Resources */ = {isa = PBXBuildFile; fileRef = 49C01AA61AA731D2003E8EFE /* Main.storyboard */; };
/* End PBXBuildFile section */

/* Begin PBXContainerItemProxy section */
		49C01A971AA6585D003E8EFE /* PBXContainerItemProxy */ = {
			isa = PBXContainerItemProxy;
			containerPortal = 49C01A751AA6585D003E8EFE /* Project object */;
			proxyType = 1;
			remoteGlobalIDString = 49C01A7C1AA6585D003E8EFE;
			remoteInfo = ToDoList;
		};
/* End PBXContainerItemProxy section */

/* Begin PBXFileReference section */
		49C01A7D1AA6585D003E8EFE /* ToDoList.app */ = {isa = PBXFileReference; explicitFileType = wrapper.application; includeInIndex = 0; path = ToDoList.app; sourceTree = BUILT_PRODUCTS_DIR; };
		49C01A811AA6585D003E8EFE /* Info.plist */ = {isa = PBXFileReference; lastKnownFileType = text.plist.xml; path = Info.plist; sourceTree = "<group>"; };
		49C01A821AA6585D003E8EFE /* main.m */ = {isa = PBXFileReference; lastKnownFileType = sourcecode.c.objc; path = main.m; sourceTree = "<group>"; };
		49C01A841AA6585D003E8EFE /* AppDelegate.h */ = {isa = PBXFileReference; lastKnownFileType = sourcecode.c.h; path = AppDelegate.h; sourceTree = "<group>"; };
		49C01A851AA6585D003E8EFE /* AppDelegate.m */ = {isa = PBXFileReference; lastKnownFileType = sourcecode.c.objc; path = AppDelegate.m; sourceTree = "<group>"; };
		49C01A871AA6585D003E8EFE /* ViewController.h */ = {isa = PBXFileReference; lastKnownFileType = sourcecode.c.h; path = ViewController.h; sourceTree = "<group>"; };
		49C01A881AA6585D003E8EFE /* ViewController.m */ = {isa = PBXFileReference; lastKnownFileType = sourcecode.c.objc; path = ViewController.m; sourceTree = "<group>"; };
		49C01A8B1AA6585D003E8EFE /* Base */ = {isa = PBXFileReference; lastKnownFileType = file.storyboard; name = Base; path = Base.lproj/Main.storyboard; sourceTree = "<group>"; };
		49C01A8D1AA6585D003E8EFE /* Images.xcassets */ = {isa = PBXFileReference; lastKnownFileType = folder.assetcatalog; path = Images.xcassets; sourceTree = "<group>"; };
		49C01A901AA6585D003E8EFE /* Base */ = {isa = PBXFileReference; lastKnownFileType = file.xib; name = Base; path = Base.lproj/LaunchScreen.xib; sourceTree = "<group>"; };
		49C01A961AA6585D003E8EFE /* ToDoListTests.xctest */ = {isa = PBXFileReference; explicitFileType = wrapper.cfbundle; includeInIndex = 0; path = ToDoListTests.xctest; sourceTree = BUILT_PRODUCTS_DIR; };
		49C01A9B1AA6585D003E8EFE /* Info.plist */ = {isa = PBXFileReference; lastKnownFileType = text.plist.xml; path = Info.plist; sourceTree = "<group>"; };
		49C01A9C1AA6585D003E8EFE /* ToDoListTests.m */ = {isa = PBXFileReference; lastKnownFileType = sourcecode.c.objc; path = ToDoListTests.m; sourceTree = "<group>"; };
		49C01AA61AA731D2003E8EFE /* Main.storyboard */ = {isa = PBXFileReference; fileEncoding = 4; lastKnownFileType = file.storyboard; path = Main.storyboard; sourceTree = "<group>"; };
/* End PBXFileReference section */

/* Begin PBXFrameworksBuildPhase section */
		49C01A7A1AA6585D003E8EFE /* Frameworks */ = {
			isa = PBXFrameworksBuildPhase;
			buildActionMask = 2147483647;
			files = (
			);
			runOnlyForDeploymentPostprocessing = 0;
		};
		49C01A931AA6585D003E8EFE /* Frameworks */ = {
			isa = PBXFrameworksBuildPhase;
			buildActionMask = 2147483647;
			files = (
			);
			runOnlyForDeploymentPostprocessing = 0;
		};
/* End PBXFrameworksBuildPhase section */

/* Begin PBXGroup section */
		49C01A741AA6585D003E8EFE = {
			isa = PBXGroup;
			children = (
				49C01AA61AA731D2003E8EFE /* Main.storyboard */,
				49C01A7F1AA6585D003E8EFE /* ToDoList */,
				49C01A991AA6585D003E8EFE /* ToDoListTests */,
				49C01A7E1AA6585D003E8EFE /* Products */,
			);
			sourceTree = "<group>";
		};
		49C01A7E1AA6585D003E8EFE /* Products */ = {
			isa = PBXGroup;
			children = (
				49C01A7D1AA6585D003E8EFE /* ToDoList.app */,
				49C01A961AA6585D003E8EFE /* ToDoListTests.xctest */,
			);
			name = Products;
			sourceTree = "<group>";
		};
		49C01A7F1AA6585D003E8EFE /* ToDoList */ = {
			isa = PBXGroup;
			children = (
				49C01A841AA6585D003E8EFE /* AppDelegate.h */,
				49C01A851AA6585D003E8EFE /* AppDelegate.m */,
				49C01A871AA6585D003E8EFE /* ViewController.h */,
				49C01A881AA6585D003E8EFE /* ViewController.m */,
				49C01A8A1AA6585D003E8EFE /* Main.storyboard */,
				49C01A8D1AA6585D003E8EFE /* Images.xcassets */,
				49C01A8F1AA6585D003E8EFE /* LaunchScreen.xib */,
				49C01A801AA6585D003E8EFE /* Supporting Files */,
			);
			path = ToDoList;
			sourceTree = "<group>";
		};
		49C01A801AA6585D003E8EFE /* Supporting Files */ = {
			isa = PBXGroup;
			children = (
				49C01A811AA6585D003E8EFE /* Info.plist */,
				49C01A821AA6585D003E8EFE /* main.m */,
			);
			name = "Supporting Files";
			sourceTree = "<group>";
		};
		49C01A991AA6585D003E8EFE /* ToDoListTests */ = {
			isa = PBXGroup;
			children = (
				49C01A9C1AA6585D003E8EFE /* ToDoListTests.m */,
				49C01A9A1AA6585D003E8EFE /* Supporting Files */,
			);
			path = ToDoListTests;
			sourceTree = "<group>";
		};
		49C01A9A1AA6585D003E8EFE /* Supporting Files */ = {
			isa = PBXGroup;
			children = (
				49C01A9B1AA6585D003E8EFE /* Info.plist */,
			);
			name = "Supporting Files";
			sourceTree = "<group>";
		};
/* End PBXGroup section */

/* Begin PBXNativeTarget section */
		49C01A7C1AA6585D003E8EFE /* ToDoList */ = {
			isa = PBXNativeTarget;
			buildConfigurationList = 49C01AA01AA6585D003E8EFE /* Build configuration list for PBXNativeTarget "ToDoList" */;
			buildPhases = (
				49C01A791AA6585D003E8EFE /* Sources */,
				49C01A7A1AA6585D003E8EFE /* Frameworks */,
				49C01A7B1AA6585D003E8EFE /* Resources */,
			);
			buildRules = (
			);
			dependencies = (
			);
			name = ToDoList;
			productName = ToDoList;
			productReference = 49C01A7D1AA6585D003E8EFE /* ToDoList.app */;
			productType = "com.apple.product-type.application";
		};
		49C01A951AA6585D003E8EFE /* ToDoListTests */ = {
			isa = PBXNativeTarget;
			buildConfigurationList = 49C01AA31AA6585D003E8EFE /* Build configuration list for PBXNativeTarget "ToDoListTests" */;
			buildPhases = (
				49C01A921AA6585D003E8EFE /* Sources */,
				49C01A931AA6585D003E8EFE /* Frameworks */,
				49C01A941AA6585D003E8EFE /* Resources */,
			);
			buildRules = (
			);
			dependencies = (
				49C01A981AA6585D003E8EFE /* PBXTargetDependency */,
			);
			name = ToDoListTests;
			productName = ToDoListTests;
			productReference = 49C01A961AA6585D003E8EFE /* ToDoListTests.xctest */;
			productType = "com.apple.product-type.bundle.unit-test";
		};
/* End PBXNativeTarget section */

/* Begin PBXProject section */
		49C01A751AA6585D003E8EFE /* Project object */ = {
			isa = PBXProject;
			attributes = {
				LastUpgradeCheck = 0610;
				ORGANIZATIONNAME = "Grace Liu";
				TargetAttributes = {
					49C01A7C1AA6585D003E8EFE = {
						CreatedOnToolsVersion = 6.1.1;
					};
					49C01A951AA6585D003E8EFE = {
						CreatedOnToolsVersion = 6.1.1;
						TestTargetID = 49C01A7C1AA6585D003E8EFE;
					};
				};
			};
			buildConfigurationList = 49C01A781AA6585D003E8EFE /* Build configuration list for PBXProject "ToDoList" */;
			compatibilityVersion = "Xcode 3.2";
			developmentRegion = English;
			hasScannedForEncodings = 0;
			knownRegions = (
				en,
				Base,
			);
			mainGroup = 49C01A741AA6585D003E8EFE;
			productRefGroup = 49C01A7E1AA6585D003E8EFE /* Products */;
			projectDirPath = "";
			projectRoot = "";
			targets = (
				49C01A7C1AA6585D003E8EFE /* ToDoList */,
				49C01A951AA6585D003E8EFE /* ToDoListTests */,
			);
		};
/* End PBXProject section */

/* Begin PBXResourcesBuildPhase section */
		49C01A7B1AA6585D003E8EFE /* Resources */ = {
			isa = PBXResourcesBuildPhase;
			buildActionMask = 2147483647;
			files = (
				49C01A8C1AA6585D003E8EFE /* Main.storyboard in Resources */,
				49C01A911AA6585D003E8EFE /* LaunchScreen.xib in Resources */,
				49C01A8E1AA6585D003E8EFE /* Images.xcassets in Resources */,
				49C01AA71AA731D2003E8EFE /* Main.storyboard in Resources */,
			);
			runOnlyForDeploymentPostprocessing = 0;
		};
		49C01A941AA6585D003E8EFE /* Resources */ = {
			isa = PBXResourcesBuildPhase;
			buildActionMask = 2147483647;
			files = (
			);
			runOnlyForDeploymentPostprocessing = 0;
		};
/* End PBXResourcesBuildPhase section */

/* Begin PBXSourcesBuildPhase section */
		49C01A791AA6585D003E8EFE /* Sources */ = {
			isa = PBXSourcesBuildPhase;
			buildActionMask = 2147483647;
			files = (
				49C01A891AA6585D003E8EFE /* ViewController.m in Sources */,
				49C01A861AA6585D003E8EFE /* AppDelegate.m in Sources */,
				49C01A831AA6585D003E8EFE /* main.m in Sources */,
			);
			runOnlyForDeploymentPostprocessing = 0;
		};
		49C01A921AA6585D003E8EFE /* Sources */ = {
			isa = PBXSourcesBuildPhase;
			buildActionMask = 2147483647;
			files = (
				49C01A9D1AA6585D003E8EFE /* ToDoListTests.m in Sources */,
			);
			runOnlyForDeploymentPostprocessing = 0;
		};
/* End PBXSourcesBuildPhase section */

/* Begin PBXTargetDependency section */
		49C01A981AA6585D003E8EFE /* PBXTargetDependency */ = {
			isa = PBXTargetDependency;
			target = 49C01A7C1AA6585D003E8EFE /* ToDoList */;
			targetProxy = 49C01A971AA6585D003E8EFE /* PBXContainerItemProxy */;
		};
/* End PBXTargetDependency section */

/* Begin PBXVariantGroup section */
		49C01A8A1AA6585D003E8EFE /* Main.storyboard */ = {
			isa = PBXVariantGroup;
			children = (
				49C01A8B1AA6585D003E8EFE /* Base */,
			);
			name = Main.storyboard;
			sourceTree = "<group>";
		};
		49C01A8F1AA6585D003E8EFE /* LaunchScreen.xib */ = {
			isa = PBXVariantGroup;
			children = (
				49C01A901AA6585D003E8EFE /* Base */,
			);
			name = LaunchScreen.xib;
			sourceTree = "<group>";
		};
/* End PBXVariantGroup section */

/* Begin XCBuildConfiguration section */
		49C01A9E1AA6585D003E8EFE /* Debug */ = {
			isa = XCBuildConfiguration;
			buildSettings = {
				ALWAYS_SEARCH_USER_PATHS = NO;
				CLANG_CXX_LANGUAGE_STANDARD = "gnu++0x";
				CLANG_CXX_LIBRARY = "libc++";
				CLANG_ENABLE_MODULES = YES;
				CLANG_ENABLE_OBJC_ARC = YES;
				CLANG_WARN_BOOL_CONVERSION = YES;
				CLANG_WARN_CONSTANT_CONVERSION = YES;
				CLANG_WARN_DIRECT_OBJC_ISA_USAGE = YES_ERROR;
				CLANG_WARN_EMPTY_BODY = YES;
				CLANG_WARN_ENUM_CONVERSION = YES;
				CLANG_WARN_INT_CONVERSION = YES;
				CLANG_WARN_OBJC_ROOT_CLASS = YES_ERROR;
				CLANG_WARN_UNREACHABLE_CODE = YES;
				CLANG_WARN__DUPLICATE_METHOD_MATCH = YES;
				"CODE_SIGN_IDENTITY[sdk=iphoneos*]" = "iPhone Developer";
				COPY_PHASE_STRIP = NO;
				ENABLE_STRICT_OBJC_MSGSEND = YES;
				GCC_C_LANGUAGE_STANDARD = gnu99;
				GCC_DYNAMIC_NO_PIC = NO;
				GCC_OPTIMIZATION_LEVEL = 0;
				GCC_PREPROCESSOR_DEFINITIONS = (
					"DEBUG=1",
					"$(inherited)",
				);
				GCC_SYMBOLS_PRIVATE_EXTERN = NO;
				GCC_WARN_64_TO_32_BIT_CONVERSION = YES;
				GCC_WARN_ABOUT_RETURN_TYPE = YES_ERROR;
				GCC_WARN_UNDECLARED_SELECTOR = YES;
				GCC_WARN_UNINITIALIZED_AUTOS = YES_AGGRESSIVE;
				GCC_WARN_UNUSED_FUNCTION = YES;
				GCC_WARN_UNUSED_VARIABLE = YES;
				IPHONEOS_DEPLOYMENT_TARGET = 8.1;
				MTL_ENABLE_DEBUG_INFO = YES;
				ONLY_ACTIVE_ARCH = YES;
				SDKROOT = iphoneos;
				TARGETED_DEVICE_FAMILY = "1,2";
			};
			name = Debug;
		};
		49C01A9F1AA6585D003E8EFE /* Release */ = {
			isa = XCBuildConfiguration;
			buildSettings = {
				ALWAYS_SEARCH_USER_PATHS = NO;
				CLANG_CXX_LANGUAGE_STANDARD = "gnu++0x";
				CLANG_CXX_LIBRARY = "libc++";
				CLANG_ENABLE_MODULES = YES;
				CLANG_ENABLE_OBJC_ARC = YES;
				CLANG_WARN_BOOL_CONVERSION = YES;
				CLANG_WARN_CONSTANT_CONVERSION = YES;
				CLANG_WARN_DIRECT_OBJC_ISA_USAGE = YES_ERROR;
				CLANG_WARN_EMPTY_BODY = YES;
				CLANG_WARN_ENUM_CONVERSION = YES;
				CLANG_WARN_INT_CONVERSION = YES;
				CLANG_WARN_OBJC_ROOT_CLASS = YES_ERROR;
				CLANG_WARN_UNREACHABLE_CODE = YES;
				CLANG_WARN__DUPLICATE_METHOD_MATCH = YES;
				"CODE_SIGN_IDENTITY[sdk=iphoneos*]" = "iPhone Developer";
				COPY_PHASE_STRIP = YES;
				ENABLE_NS_ASSERTIONS = NO;
				ENABLE_STRICT_OBJC_MSGSEND = YES;
				GCC_C_LANGUAGE_STANDARD = gnu99;
				GCC_WARN_64_TO_32_BIT_CONVERSION = YES;
				GCC_WARN_ABOUT_RETURN_TYPE = YES_ERROR;
				GCC_WARN_UNDECLARED_SELECTOR = YES;
				GCC_WARN_UNINITIALIZED_AUTOS = YES_AGGRESSIVE;
				GCC_WARN_UNUSED_FUNCTION = YES;
				GCC_WARN_UNUSED_VARIABLE = YES;
				IPHONEOS_DEPLOYMENT_TARGET = 8.1;
				MTL_ENABLE_DEBUG_INFO = NO;
				SDKROOT = iphoneos;
				TARGETED_DEVICE_FAMILY = "1,2";
				VALIDATE_PRODUCT = YES;
			};
			name = Release;
		};
		49C01AA11AA6585D003E8EFE /* Debug */ = {
			isa = XCBuildConfiguration;
			buildSettings = {
				ASSETCATALOG_COMPILER_APPICON_NAME = AppIcon;
				INFOPLIST_FILE = ToDoList/Info.plist;
				LD_RUNPATH_SEARCH_PATHS = "$(inherited) @executable_path/Frameworks";
				PRODUCT_NAME = "$(TARGET_NAME)";
				TARGETED_DEVICE_FAMILY = 1;
			};
			name = Debug;
		};
		49C01AA21AA6585D003E8EFE /* Release */ = {
			isa = XCBuildConfiguration;
			buildSettings = {
				ASSETCATALOG_COMPILER_APPICON_NAME = AppIcon;
				INFOPLIST_FILE = ToDoList/Info.plist;
				LD_RUNPATH_SEARCH_PATHS = "$(inherited) @executable_path/Frameworks";
				PRODUCT_NAME = "$(TARGET_NAME)";
				TARGETED_DEVICE_FAMILY = 1;
			};
			name = Release;
		};
		49C01AA41AA6585D003E8EFE /* Debug */ = {
			isa = XCBuildConfiguration;
			buildSettings = {
				BUNDLE_LOADER = "$(TEST_HOST)";
				FRAMEWORK_SEARCH_PATHS = (
					"$(SDKROOT)/Developer/Library/Frameworks",
					"$(inherited)",
				);
				GCC_PREPROCESSOR_DEFINITIONS = (
					"DEBUG=1",
					"$(inherited)",
				);
				INFOPLIST_FILE = ToDoListTests/Info.plist;
				LD_RUNPATH_SEARCH_PATHS = "$(inherited) @executable_path/Frameworks @loader_path/Frameworks";
				PRODUCT_NAME = "$(TARGET_NAME)";
				TEST_HOST = "$(BUILT_PRODUCTS_DIR)/ToDoList.app/ToDoList";
			};
			name = Debug;
		};
		49C01AA51AA6585D003E8EFE /* Release */ = {
			isa = XCBuildConfiguration;
			buildSettings = {
				BUNDLE_LOADER = "$(TEST_HOST)";
				FRAMEWORK_SEARCH_PATHS = (
					"$(SDKROOT)/Developer/Library/Frameworks",
					"$(inherited)",
				);
				INFOPLIST_FILE = ToDoListTests/Info.plist;
				LD_RUNPATH_SEARCH_PATHS = "$(inherited) @executable_path/Frameworks @loader_path/Frameworks";
				PRODUCT_NAME = "$(TARGET_NAME)";
				TEST_HOST = "$(BUILT_PRODUCTS_DIR)/ToDoList.app/ToDoList";
			};
			name = Release;
		};
/* End XCBuildConfiguration section */

/* Begin XCConfigurationList section */
		49C01A781AA6585D003E8EFE /* Build configuration list for PBXProject "ToDoList" */ = {
			isa = XCConfigurationList;
			buildConfigurations = (
				49C01A9E1AA6585D003E8EFE /* Debug */,
				49C01A9F1AA6585D003E8EFE /* Release */,
			);
			defaultConfigurationIsVisible = 0;
			defaultConfigurationName = Release;
		};
		49C01AA01AA6585D003E8EFE /* Build configuration list for PBXNativeTarget "ToDoList" */ = {
			isa = XCConfigurationList;
			buildConfigurations = (
				49C01AA11AA6585D003E8EFE /* Debug */,
				49C01AA21AA6585D003E8EFE /* Release */,
			);
			defaultConfigurationIsVisible = 0;
			defaultConfigurationName = Release;
		};
		49C01AA31AA6585D003E8EFE /* Build configuration list for PBXNativeTarget "ToDoListTests" */ = {
			isa = XCConfigurationList;
			buildConfigurations = (
				49C01AA41AA6585D003E8EFE /* Debug */,
				49C01AA51AA6585D003E8EFE /* Release */,
			);
			defaultConfigurationIsVisible = 0;
			defaultConfigurationName = Release;
		};
/* End XCConfigurationList section */
	};
	rootObject = 49C01A751AA6585D003E8EFE /* Project object */;
}
